{
  "requires": true,
  "lockfileVersion": 1,
  "dependencies": {
    "assertions": {
      "version": "2.3.4",
      "resolved": "https://registry.npmjs.org/assertions/-/assertions-2.3.4.tgz",
      "integrity": "sha1-qUM87R/OV8yZmvCWXRAI6WwnluY=",
      "requires": {
        "fomatto": "git://github.com/BonsaiDen/Fomatto.git#468666f600b46f9067e3da7200fd9df428923ea6",
        "render": "0.1",
        "traverser": "1"
      }
    },
    "asserts": {
      "version": "4.0.2",
      "resolved": "https://registry.npmjs.org/asserts/-/asserts-4.0.2.tgz",
      "integrity": "sha1-SYPGEaWv2jKvdcidBkRiGiVB0CA=",
      "requires": {
        "type-of-is": "~3.3.0"
      }
    },
    "curry": {
      "version": "0.0.4",
      "resolved": "https://registry.npmjs.org/curry/-/curry-0.0.4.tgz",
      "integrity": "sha1-F1DVGNkZxE89N/9E7caT3h8NX8s="
    },
    "fomatto": {
      "version": "git://github.com/BonsaiDen/Fomatto.git#468666f600b46f9067e3da7200fd9df428923ea6",
      "from": "git://github.com/BonsaiDen/Fomatto.git#468666f600b46f9067e3da7200fd9df428923ea6"
    },
    "render": {
      "version": "0.1.4",
      "resolved": "https://registry.npmjs.org/render/-/render-0.1.4.tgz",
      "integrity": "sha1-z7M6NOJgaFkdQYRp4j2Mxc4c7/U=",
      "requires": {
        "traverser": "0.0.x"
      },
      "dependencies": {
        "traverser": {
          "version": "0.0.5",
          "resolved": "https://registry.npmjs.org/traverser/-/traverser-0.0.5.tgz",
          "integrity": "sha1-xm84xFagwhqIAUsSI1gMfr4GMes=",
          "requires": {
            "curry": "0.0.x"
          }
        }
      }
    },
    "traverser": {
      "version": "1.0.0",
      "resolved": "https://registry.npmjs.org/traverser/-/traverser-1.0.0.tgz",
      "integrity": "sha1-b1nlgTdZruqzZGuPRRP9SmLk/iA=",
      "requires": {
        "curry": "0.0.x"
      }
    },
    "type-of-is": {
      "version": "3.3.1",
      "resolved": "https://registry.npmjs.org/type-of-is/-/type-of-is-3.3.1.tgz",
      "integrity": "sha1-aHfdhtvzVNe35X5hmEjlw2vlSfQ="
    }
  }
}
